// !$*UTF8*$!
{
	archiveVersion = 1;
	classes = {
	};
	objectVersion = 56;
	objects = {

/* Begin PBXBuildFile section */
		26531C7A2C32A987001B78C2 /* AppDelegate.swift in Sources */ = {isa = PBXBuildFile; fileRef = 26531C792C32A987001B78C2 /* AppDelegate.swift */; };
		26531C7C2C32A987001B78C2 /* SceneDelegate.swift in Sources */ = {isa = PBXBuildFile; fileRef = 26531C7B2C32A987001B78C2 /* SceneDelegate.swift */; };
		26531C7E2C32A987001B78C2 /* MainTabBarController.swift in Sources */ = {isa = PBXBuildFile; fileRef = 26531C7D2C32A987001B78C2 /* MainTabBarController.swift */; };
		26531C832C32A98A001B78C2 /* Assets.xcassets in Resources */ = {isa = PBXBuildFile; fileRef = 26531C822C32A98A001B78C2 /* Assets.xcassets */; };
		26531C902C32AC92001B78C2 /* LoadScreen.swift in Sources */ = {isa = PBXBuildFile; fileRef = 26531C8F2C32AC92001B78C2 /* LoadScreen.swift */; };
		26531C922C32ACC6001B78C2 /* HelloScreen.swift in Sources */ = {isa = PBXBuildFile; fileRef = 26531C912C32ACC6001B78C2 /* HelloScreen.swift */; };
		26531C962C32ACF1001B78C2 /* CourseScreenVC.swift in Sources */ = {isa = PBXBuildFile; fileRef = 26531C952C32ACF1001B78C2 /* CourseScreenVC.swift */; };
		26531C982C32AD04001B78C2 /* QuizzesScreen.swift in Sources */ = {isa = PBXBuildFile; fileRef = 26531C972C32AD04001B78C2 /* QuizzesScreen.swift */; };
		26531C9A2C32AD24001B78C2 /* SettingsScreen.swift in Sources */ = {isa = PBXBuildFile; fileRef = 26531C992C32AD24001B78C2 /* SettingsScreen.swift */; };
		26531C9C2C32AD5B001B78C2 /* LoadScreenView.swift in Sources */ = {isa = PBXBuildFile; fileRef = 26531C9B2C32AD5B001B78C2 /* LoadScreenView.swift */; };
		26531C9F2C32AD75001B78C2 /* HelloScreenView.swift in Sources */ = {isa = PBXBuildFile; fileRef = 26531C9E2C32AD75001B78C2 /* HelloScreenView.swift */; };
		26531CA22C32AFB2001B78C2 /* CourseScreenView.swift in Sources */ = {isa = PBXBuildFile; fileRef = 26531CA12C32AFB2001B78C2 /* CourseScreenView.swift */; };
		26531CA62C32AFD0001B78C2 /* SettiongsScreenView.swift in Sources */ = {isa = PBXBuildFile; fileRef = 26531CA52C32AFD0001B78C2 /* SettiongsScreenView.swift */; };
		26531CAC2C32B813001B78C2 /* UIColor.swift in Sources */ = {isa = PBXBuildFile; fileRef = 26531CAB2C32B813001B78C2 /* UIColor.swift */; };
		26531CD92C32D4E2001B78C2 /* LoadingCircle.swift in Sources */ = {isa = PBXBuildFile; fileRef = 26531CD82C32D4E1001B78C2 /* LoadingCircle.swift */; };
		26CD68372C33D9E900ACDE43 /* CourseCell.swift in Sources */ = {isa = PBXBuildFile; fileRef = 26CD68362C33D9E900ACDE43 /* CourseCell.swift */; };
		26CD68392C33FA7400ACDE43 /* QuizzesCell.swift in Sources */ = {isa = PBXBuildFile; fileRef = 26CD68382C33FA7400ACDE43 /* QuizzesCell.swift */; };
		26CD683C2C341D6300ACDE43 /* DetailCourseVC.swift in Sources */ = {isa = PBXBuildFile; fileRef = 26CD683B2C341D6300ACDE43 /* DetailCourseVC.swift */; };
		26CD68412C3420BA00ACDE43 /* DetailQuizzeScreen.swift in Sources */ = {isa = PBXBuildFile; fileRef = 26CD68402C3420BA00ACDE43 /* DetailQuizzeScreen.swift */; };
		26FCDB432C3520BA00F98571 /* QuizeModel.swift in Sources */ = {isa = PBXBuildFile; fileRef = 26FCDB422C3520BA00F98571 /* QuizeModel.swift */; };
		26FCDB472C35775700F98571 /* RoundedImageView.swift in Sources */ = {isa = PBXBuildFile; fileRef = 26FCDB462C35775700F98571 /* RoundedImageView.swift */; };
		26FCDB532C35935200F98571 /* SnapKit in Frameworks */ = {isa = PBXBuildFile; productRef = 26FCDB522C35935200F98571 /* SnapKit */; };
		26FCDB552C35938700F98571 /* Course.swift in Sources */ = {isa = PBXBuildFile; fileRef = 26FCDB542C35938700F98571 /* Course.swift */; };
		26FCDB582C35954800F98571 /* CoursesManager.swift in Sources */ = {isa = PBXBuildFile; fileRef = 26FCDB572C35954800F98571 /* CoursesManager.swift */; };
		26FCDB902C36AFEA00F98571 /* DetailView.swift in Sources */ = {isa = PBXBuildFile; fileRef = 26FCDB8F2C36AFEA00F98571 /* DetailView.swift */; };
/* End PBXBuildFile section */

/* Begin PBXFileReference section */
		26531C762C32A987001B78C2 /* FinancialEducation.app */ = {isa = PBXFileReference; explicitFileType = wrapper.application; includeInIndex = 0; path = FinancialEducation.app; sourceTree = BUILT_PRODUCTS_DIR; };
		26531C792C32A987001B78C2 /* AppDelegate.swift */ = {isa = PBXFileReference; lastKnownFileType = sourcecode.swift; path = AppDelegate.swift; sourceTree = "<group>"; };
		26531C7B2C32A987001B78C2 /* SceneDelegate.swift */ = {isa = PBXFileReference; lastKnownFileType = sourcecode.swift; path = SceneDelegate.swift; sourceTree = "<group>"; };
		26531C7D2C32A987001B78C2 /* MainTabBarController.swift */ = {isa = PBXFileReference; lastKnownFileType = sourcecode.swift; path = MainTabBarController.swift; sourceTree = "<group>"; };
		26531C822C32A98A001B78C2 /* Assets.xcassets */ = {isa = PBXFileReference; lastKnownFileType = folder.assetcatalog; path = Assets.xcassets; sourceTree = "<group>"; };
		26531C872C32A98A001B78C2 /* Info.plist */ = {isa = PBXFileReference; lastKnownFileType = text.plist.xml; path = Info.plist; sourceTree = "<group>"; };
		26531C8F2C32AC92001B78C2 /* LoadScreen.swift */ = {isa = PBXFileReference; lastKnownFileType = sourcecode.swift; path = LoadScreen.swift; sourceTree = "<group>"; };
		26531C912C32ACC6001B78C2 /* HelloScreen.swift */ = {isa = PBXFileReference; lastKnownFileType = sourcecode.swift; path = HelloScreen.swift; sourceTree = "<group>"; };
		26531C952C32ACF1001B78C2 /* CourseScreenVC.swift */ = {isa = PBXFileReference; lastKnownFileType = sourcecode.swift; path = CourseScreenVC.swift; sourceTree = "<group>"; };
		26531C972C32AD04001B78C2 /* QuizzesScreen.swift */ = {isa = PBXFileReference; lastKnownFileType = sourcecode.swift; path = QuizzesScreen.swift; sourceTree = "<group>"; };
		26531C992C32AD24001B78C2 /* SettingsScreen.swift */ = {isa = PBXFileReference; lastKnownFileType = sourcecode.swift; path = SettingsScreen.swift; sourceTree = "<group>"; };
		26531C9B2C32AD5B001B78C2 /* LoadScreenView.swift */ = {isa = PBXFileReference; lastKnownFileType = sourcecode.swift; path = LoadScreenView.swift; sourceTree = "<group>"; };
		26531C9E2C32AD75001B78C2 /* HelloScreenView.swift */ = {isa = PBXFileReference; lastKnownFileType = sourcecode.swift; path = HelloScreenView.swift; sourceTree = "<group>"; };
		26531CA12C32AFB2001B78C2 /* CourseScreenView.swift */ = {isa = PBXFileReference; lastKnownFileType = sourcecode.swift; path = CourseScreenView.swift; sourceTree = "<group>"; };
		26531CA52C32AFD0001B78C2 /* SettiongsScreenView.swift */ = {isa = PBXFileReference; lastKnownFileType = sourcecode.swift; path = SettiongsScreenView.swift; sourceTree = "<group>"; };
		26531CAB2C32B813001B78C2 /* UIColor.swift */ = {isa = PBXFileReference; lastKnownFileType = sourcecode.swift; path = UIColor.swift; sourceTree = "<group>"; };
		26531CD82C32D4E1001B78C2 /* LoadingCircle.swift */ = {isa = PBXFileReference; lastKnownFileType = sourcecode.swift; path = LoadingCircle.swift; sourceTree = "<group>"; };
		26CD68362C33D9E900ACDE43 /* CourseCell.swift */ = {isa = PBXFileReference; lastKnownFileType = sourcecode.swift; path = CourseCell.swift; sourceTree = "<group>"; };
		26CD68382C33FA7400ACDE43 /* QuizzesCell.swift */ = {isa = PBXFileReference; lastKnownFileType = sourcecode.swift; path = QuizzesCell.swift; sourceTree = "<group>"; };
		26CD683B2C341D6300ACDE43 /* DetailCourseVC.swift */ = {isa = PBXFileReference; lastKnownFileType = sourcecode.swift; path = DetailCourseVC.swift; sourceTree = "<group>"; };
		26CD68402C3420BA00ACDE43 /* DetailQuizzeScreen.swift */ = {isa = PBXFileReference; lastKnownFileType = sourcecode.swift; path = DetailQuizzeScreen.swift; sourceTree = "<group>"; };
		26FCDB422C3520BA00F98571 /* QuizeModel.swift */ = {isa = PBXFileReference; lastKnownFileType = sourcecode.swift; path = QuizeModel.swift; sourceTree = "<group>"; };
		26FCDB462C35775700F98571 /* RoundedImageView.swift */ = {isa = PBXFileReference; lastKnownFileType = sourcecode.swift; path = RoundedImageView.swift; sourceTree = "<group>"; };
		26FCDB542C35938700F98571 /* Course.swift */ = {isa = PBXFileReference; lastKnownFileType = sourcecode.swift; path = Course.swift; sourceTree = "<group>"; };
		26FCDB572C35954800F98571 /* CoursesManager.swift */ = {isa = PBXFileReference; lastKnownFileType = sourcecode.swift; path = CoursesManager.swift; sourceTree = "<group>"; };
		26FCDB8F2C36AFEA00F98571 /* DetailView.swift */ = {isa = PBXFileReference; lastKnownFileType = sourcecode.swift; path = DetailView.swift; sourceTree = "<group>"; };
/* End PBXFileReference section */

/* Begin PBXFrameworksBuildPhase section */
		26531C732C32A987001B78C2 /* Frameworks */ = {
			isa = PBXFrameworksBuildPhase;
			buildActionMask = 2147483647;
			files = (
				26FCDB532C35935200F98571 /* SnapKit in Frameworks */,
			);
			runOnlyForDeploymentPostprocessing = 0;
		};
/* End PBXFrameworksBuildPhase section */

/* Begin PBXGroup section */
		26531C6D2C32A987001B78C2 = {
			isa = PBXGroup;
			children = (
				26531C782C32A987001B78C2 /* FinancialEducation */,
				26531C772C32A987001B78C2 /* Products */,
			);
			sourceTree = "<group>";
		};
		26531C772C32A987001B78C2 /* Products */ = {
			isa = PBXGroup;
			children = (
				26531C762C32A987001B78C2 /* FinancialEducation.app */,
			);
			name = Products;
			sourceTree = "<group>";
		};
		26531C782C32A987001B78C2 /* FinancialEducation */ = {
			isa = PBXGroup;
			children = (
				26531C8D2C32AA78001B78C2 /* App */,
				26FCDB412C35209D00F98571 /* Models */,
				26531C9D2C32AD60001B78C2 /* LoadScreen */,
				26531CA02C32AD7E001B78C2 /* HelloScreen */,
				26531C932C32ACD1001B78C2 /* TabBar */,
				26FCDB562C35951D00F98571 /* Workers */,
				26531CDA2C32E198001B78C2 /* Animate */,
				26531CAA2C32B7FB001B78C2 /* Extensions */,
				26531C8E2C32AAA6001B78C2 /* Resources */,
			);
			path = FinancialEducation;
			sourceTree = "<group>";
		};
		26531C8D2C32AA78001B78C2 /* App */ = {
			isa = PBXGroup;
			children = (
				26531C792C32A987001B78C2 /* AppDelegate.swift */,
				26531C7B2C32A987001B78C2 /* SceneDelegate.swift */,
			);
			path = App;
			sourceTree = "<group>";
		};
		26531C8E2C32AAA6001B78C2 /* Resources */ = {
			isa = PBXGroup;
			children = (
				26531C822C32A98A001B78C2 /* Assets.xcassets */,
				26531C872C32A98A001B78C2 /* Info.plist */,
			);
			path = Resources;
			sourceTree = "<group>";
		};
		26531C932C32ACD1001B78C2 /* TabBar */ = {
			isa = PBXGroup;
			children = (
				26531C7D2C32A987001B78C2 /* MainTabBarController.swift */,
				26531C942C32ACE0001B78C2 /* Screens */,
			);
			path = TabBar;
			sourceTree = "<group>";
		};
		26531C942C32ACE0001B78C2 /* Screens */ = {
			isa = PBXGroup;
			children = (
				26531CA72C32B030001B78C2 /* CoursesScreen */,
				26531CA82C32B039001B78C2 /* QuizzesScreen */,
				26531CA92C32B04D001B78C2 /* SettingsScreen */,
			);
			path = Screens;
			sourceTree = "<group>";
		};
		26531C9D2C32AD60001B78C2 /* LoadScreen */ = {
			isa = PBXGroup;
			children = (
				26531C8F2C32AC92001B78C2 /* LoadScreen.swift */,
				26531C9B2C32AD5B001B78C2 /* LoadScreenView.swift */,
			);
			path = LoadScreen;
			sourceTree = "<group>";
		};
		26531CA02C32AD7E001B78C2 /* HelloScreen */ = {
			isa = PBXGroup;
			children = (
				26531C912C32ACC6001B78C2 /* HelloScreen.swift */,
				26531C9E2C32AD75001B78C2 /* HelloScreenView.swift */,
			);
			path = HelloScreen;
			sourceTree = "<group>";
		};
		26531CA72C32B030001B78C2 /* CoursesScreen */ = {
			isa = PBXGroup;
			children = (
				26531C952C32ACF1001B78C2 /* CourseScreenVC.swift */,
				26531CA12C32AFB2001B78C2 /* CourseScreenView.swift */,
				26CD68362C33D9E900ACDE43 /* CourseCell.swift */,
				26CD683A2C341D4300ACDE43 /* DetailCourseScreen */,
			);
			path = CoursesScreen;
			sourceTree = "<group>";
		};
		26531CA82C32B039001B78C2 /* QuizzesScreen */ = {
			isa = PBXGroup;
			children = (
				26531C972C32AD04001B78C2 /* QuizzesScreen.swift */,
				26CD68382C33FA7400ACDE43 /* QuizzesCell.swift */,
				26CD683F2C34209F00ACDE43 /* DetailQuizzeScreen */,
			);
			path = QuizzesScreen;
			sourceTree = "<group>";
		};
		26531CA92C32B04D001B78C2 /* SettingsScreen */ = {
			isa = PBXGroup;
			children = (
				26531C992C32AD24001B78C2 /* SettingsScreen.swift */,
				26531CA52C32AFD0001B78C2 /* SettiongsScreenView.swift */,
			);
			path = SettingsScreen;
			sourceTree = "<group>";
		};
		26531CAA2C32B7FB001B78C2 /* Extensions */ = {
			isa = PBXGroup;
			children = (
				26531CAB2C32B813001B78C2 /* UIColor.swift */,
				26FCDB462C35775700F98571 /* RoundedImageView.swift */,
			);
			path = Extensions;
			sourceTree = "<group>";
		};
		26531CDA2C32E198001B78C2 /* Animate */ = {
			isa = PBXGroup;
			children = (
				26531CD82C32D4E1001B78C2 /* LoadingCircle.swift */,
			);
			path = Animate;
			sourceTree = "<group>";
		};
		26CD683A2C341D4300ACDE43 /* DetailCourseScreen */ = {
			isa = PBXGroup;
			children = (
				26CD683B2C341D6300ACDE43 /* DetailCourseVC.swift */,
				26FCDB8F2C36AFEA00F98571 /* DetailView.swift */,
			);
			path = DetailCourseScreen;
			sourceTree = "<group>";
		};
		26CD683F2C34209F00ACDE43 /* DetailQuizzeScreen */ = {
			isa = PBXGroup;
			children = (
				26CD68402C3420BA00ACDE43 /* DetailQuizzeScreen.swift */,
			);
			path = DetailQuizzeScreen;
			sourceTree = "<group>";
		};
		26FCDB412C35209D00F98571 /* Models */ = {
			isa = PBXGroup;
			children = (
				26FCDB422C3520BA00F98571 /* QuizeModel.swift */,
				26FCDB542C35938700F98571 /* Course.swift */,
			);
			path = Models;
			sourceTree = "<group>";
		};
		26FCDB562C35951D00F98571 /* Workers */ = {
			isa = PBXGroup;
			children = (
				26FCDB572C35954800F98571 /* CoursesManager.swift */,
			);
			path = Workers;
			sourceTree = "<group>";
		};
/* End PBXGroup section */

/* Begin PBXNativeTarget section */
		26531C752C32A987001B78C2 /* FinancialEducation */ = {
			isa = PBXNativeTarget;
			buildConfigurationList = 26531C8A2C32A98A001B78C2 /* Build configuration list for PBXNativeTarget "FinancialEducation" */;
			buildPhases = (
				26531C722C32A987001B78C2 /* Sources */,
				26531C732C32A987001B78C2 /* Frameworks */,
				26531C742C32A987001B78C2 /* Resources */,
			);
			buildRules = (
			);
			dependencies = (
			);
			name = FinancialEducation;
			packageProductDependencies = (
				26FCDB522C35935200F98571 /* SnapKit */,
			);
			productName = FinancialEducation;
			productReference = 26531C762C32A987001B78C2 /* FinancialEducation.app */;
			productType = "com.apple.product-type.application";
		};
/* End PBXNativeTarget section */

/* Begin PBXProject section */
		26531C6E2C32A987001B78C2 /* Project object */ = {
			isa = PBXProject;
			attributes = {
				BuildIndependentTargetsInParallel = 1;
				LastSwiftUpdateCheck = 1540;
				LastUpgradeCheck = 1540;
				TargetAttributes = {
					26531C752C32A987001B78C2 = {
						CreatedOnToolsVersion = 15.4;
					};
				};
			};
			buildConfigurationList = 26531C712C32A987001B78C2 /* Build configuration list for PBXProject "FinancialEducation" */;
			compatibilityVersion = "Xcode 14.0";
			developmentRegion = en;
			hasScannedForEncodings = 0;
			knownRegions = (
				en,
				Base,
			);
			mainGroup = 26531C6D2C32A987001B78C2;
			packageReferences = (
				26FCDB512C35935200F98571 /* XCRemoteSwiftPackageReference "SnapKit" */,
			);
			productRefGroup = 26531C772C32A987001B78C2 /* Products */;
			projectDirPath = "";
			projectRoot = "";
			targets = (
				26531C752C32A987001B78C2 /* FinancialEducation */,
			);
		};
/* End PBXProject section */

/* Begin PBXResourcesBuildPhase section */
		26531C742C32A987001B78C2 /* Resources */ = {
			isa = PBXResourcesBuildPhase;
			buildActionMask = 2147483647;
			files = (
				26531C832C32A98A001B78C2 /* Assets.xcassets in Resources */,
			);
			runOnlyForDeploymentPostprocessing = 0;
		};
/* End PBXResourcesBuildPhase section */

/* Begin PBXSourcesBuildPhase section */
		26531C722C32A987001B78C2 /* Sources */ = {
			isa = PBXSourcesBuildPhase;
			buildActionMask = 2147483647;
			files = (
				26FCDB582C35954800F98571 /* CoursesManager.swift in Sources */,
				26FCDB552C35938700F98571 /* Course.swift in Sources */,
				26531CA22C32AFB2001B78C2 /* CourseScreenView.swift in Sources */,
				26531CAC2C32B813001B78C2 /* UIColor.swift in Sources */,
				26CD68412C3420BA00ACDE43 /* DetailQuizzeScreen.swift in Sources */,
				26531C9A2C32AD24001B78C2 /* SettingsScreen.swift in Sources */,
				26531C962C32ACF1001B78C2 /* CourseScreenVC.swift in Sources */,
				26FCDB902C36AFEA00F98571 /* DetailView.swift in Sources */,
				26531C7E2C32A987001B78C2 /* MainTabBarController.swift in Sources */,
				26CD68392C33FA7400ACDE43 /* QuizzesCell.swift in Sources */,
				26531C982C32AD04001B78C2 /* QuizzesScreen.swift in Sources */,
				26531C7A2C32A987001B78C2 /* AppDelegate.swift in Sources */,
				26531C922C32ACC6001B78C2 /* HelloScreen.swift in Sources */,
				26531C7C2C32A987001B78C2 /* SceneDelegate.swift in Sources */,
				26531CD92C32D4E2001B78C2 /* LoadingCircle.swift in Sources */,
				26531CA62C32AFD0001B78C2 /* SettiongsScreenView.swift in Sources */,
				26CD68372C33D9E900ACDE43 /* CourseCell.swift in Sources */,
				26531C9C2C32AD5B001B78C2 /* LoadScreenView.swift in Sources */,
				26FCDB432C3520BA00F98571 /* QuizeModel.swift in Sources */,
				26CD683C2C341D6300ACDE43 /* DetailCourseVC.swift in Sources */,
				26531C902C32AC92001B78C2 /* LoadScreen.swift in Sources */,
				26531C9F2C32AD75001B78C2 /* HelloScreenView.swift in Sources */,
				26FCDB472C35775700F98571 /* RoundedImageView.swift in Sources */,
			);
			runOnlyForDeploymentPostprocessing = 0;
		};
/* End PBXSourcesBuildPhase section */

/* Begin XCBuildConfiguration section */
		26531C882C32A98A001B78C2 /* Debug */ = {
			isa = XCBuildConfiguration;
			buildSettings = {
				ALWAYS_SEARCH_USER_PATHS = NO;
				ASSETCATALOG_COMPILER_GENERATE_SWIFT_ASSET_SYMBOL_EXTENSIONS = YES;
				CLANG_ANALYZER_NONNULL = YES;
				CLANG_ANALYZER_NUMBER_OBJECT_CONVERSION = YES_AGGRESSIVE;
				CLANG_CXX_LANGUAGE_STANDARD = "gnu++20";
				CLANG_ENABLE_MODULES = YES;
				CLANG_ENABLE_OBJC_ARC = YES;
				CLANG_ENABLE_OBJC_WEAK = YES;
				CLANG_WARN_BLOCK_CAPTURE_AUTORELEASING = YES;
				CLANG_WARN_BOOL_CONVERSION = YES;
				CLANG_WARN_COMMA = YES;
				CLANG_WARN_CONSTANT_CONVERSION = YES;
				CLANG_WARN_DEPRECATED_OBJC_IMPLEMENTATIONS = YES;
				CLANG_WARN_DIRECT_OBJC_ISA_USAGE = YES_ERROR;
				CLANG_WARN_DOCUMENTATION_COMMENTS = YES;
				CLANG_WARN_EMPTY_BODY = YES;
				CLANG_WARN_ENUM_CONVERSION = YES;
				CLANG_WARN_INFINITE_RECURSION = YES;
				CLANG_WARN_INT_CONVERSION = YES;
				CLANG_WARN_NON_LITERAL_NULL_CONVERSION = YES;
				CLANG_WARN_OBJC_IMPLICIT_RETAIN_SELF = YES;
				CLANG_WARN_OBJC_LITERAL_CONVERSION = YES;
				CLANG_WARN_OBJC_ROOT_CLASS = YES_ERROR;
				CLANG_WARN_QUOTED_INCLUDE_IN_FRAMEWORK_HEADER = YES;
				CLANG_WARN_RANGE_LOOP_ANALYSIS = YES;
				CLANG_WARN_STRICT_PROTOTYPES = YES;
				CLANG_WARN_SUSPICIOUS_MOVE = YES;
				CLANG_WARN_UNGUARDED_AVAILABILITY = YES_AGGRESSIVE;
				CLANG_WARN_UNREACHABLE_CODE = YES;
				CLANG_WARN__DUPLICATE_METHOD_MATCH = YES;
				COPY_PHASE_STRIP = NO;
				DEBUG_INFORMATION_FORMAT = dwarf;
				ENABLE_STRICT_OBJC_MSGSEND = YES;
				ENABLE_TESTABILITY = YES;
				ENABLE_USER_SCRIPT_SANDBOXING = YES;
				GCC_C_LANGUAGE_STANDARD = gnu17;
				GCC_DYNAMIC_NO_PIC = NO;
				GCC_NO_COMMON_BLOCKS = YES;
				GCC_OPTIMIZATION_LEVEL = 0;
				GCC_PREPROCESSOR_DEFINITIONS = (
					"DEBUG=1",
					"$(inherited)",
				);
				GCC_WARN_64_TO_32_BIT_CONVERSION = YES;
				GCC_WARN_ABOUT_RETURN_TYPE = YES_ERROR;
				GCC_WARN_UNDECLARED_SELECTOR = YES;
				GCC_WARN_UNINITIALIZED_AUTOS = YES_AGGRESSIVE;
				GCC_WARN_UNUSED_FUNCTION = YES;
				GCC_WARN_UNUSED_VARIABLE = YES;
				IPHONEOS_DEPLOYMENT_TARGET = 17.5;
				LOCALIZATION_PREFERS_STRING_CATALOGS = YES;
				MTL_ENABLE_DEBUG_INFO = INCLUDE_SOURCE;
				MTL_FAST_MATH = YES;
				ONLY_ACTIVE_ARCH = YES;
				SDKROOT = iphoneos;
				SWIFT_ACTIVE_COMPILATION_CONDITIONS = "DEBUG $(inherited)";
				SWIFT_OPTIMIZATION_LEVEL = "-Onone";
			};
			name = Debug;
		};
		26531C892C32A98A001B78C2 /* Release */ = {
			isa = XCBuildConfiguration;
			buildSettings = {
				ALWAYS_SEARCH_USER_PATHS = NO;
				ASSETCATALOG_COMPILER_GENERATE_SWIFT_ASSET_SYMBOL_EXTENSIONS = YES;
				CLANG_ANALYZER_NONNULL = YES;
				CLANG_ANALYZER_NUMBER_OBJECT_CONVERSION = YES_AGGRESSIVE;
				CLANG_CXX_LANGUAGE_STANDARD = "gnu++20";
				CLANG_ENABLE_MODULES = YES;
				CLANG_ENABLE_OBJC_ARC = YES;
				CLANG_ENABLE_OBJC_WEAK = YES;
				CLANG_WARN_BLOCK_CAPTURE_AUTORELEASING = YES;
				CLANG_WARN_BOOL_CONVERSION = YES;
				CLANG_WARN_COMMA = YES;
				CLANG_WARN_CONSTANT_CONVERSION = YES;
				CLANG_WARN_DEPRECATED_OBJC_IMPLEMENTATIONS = YES;
				CLANG_WARN_DIRECT_OBJC_ISA_USAGE = YES_ERROR;
				CLANG_WARN_DOCUMENTATION_COMMENTS = YES;
				CLANG_WARN_EMPTY_BODY = YES;
				CLANG_WARN_ENUM_CONVERSION = YES;
				CLANG_WARN_INFINITE_RECURSION = YES;
				CLANG_WARN_INT_CONVERSION = YES;
				CLANG_WARN_NON_LITERAL_NULL_CONVERSION = YES;
				CLANG_WARN_OBJC_IMPLICIT_RETAIN_SELF = YES;
				CLANG_WARN_OBJC_LITERAL_CONVERSION = YES;
				CLANG_WARN_OBJC_ROOT_CLASS = YES_ERROR;
				CLANG_WARN_QUOTED_INCLUDE_IN_FRAMEWORK_HEADER = YES;
				CLANG_WARN_RANGE_LOOP_ANALYSIS = YES;
				CLANG_WARN_STRICT_PROTOTYPES = YES;
				CLANG_WARN_SUSPICIOUS_MOVE = YES;
				CLANG_WARN_UNGUARDED_AVAILABILITY = YES_AGGRESSIVE;
				CLANG_WARN_UNREACHABLE_CODE = YES;
				CLANG_WARN__DUPLICATE_METHOD_MATCH = YES;
				COPY_PHASE_STRIP = NO;
				DEBUG_INFORMATION_FORMAT = "dwarf-with-dsym";
				ENABLE_NS_ASSERTIONS = NO;
				ENABLE_STRICT_OBJC_MSGSEND = YES;
				ENABLE_USER_SCRIPT_SANDBOXING = YES;
				GCC_C_LANGUAGE_STANDARD = gnu17;
				GCC_NO_COMMON_BLOCKS = YES;
				GCC_WARN_64_TO_32_BIT_CONVERSION = YES;
				GCC_WARN_ABOUT_RETURN_TYPE = YES_ERROR;
				GCC_WARN_UNDECLARED_SELECTOR = YES;
				GCC_WARN_UNINITIALIZED_AUTOS = YES_AGGRESSIVE;
				GCC_WARN_UNUSED_FUNCTION = YES;
				GCC_WARN_UNUSED_VARIABLE = YES;
				IPHONEOS_DEPLOYMENT_TARGET = 17.5;
				LOCALIZATION_PREFERS_STRING_CATALOGS = YES;
				MTL_ENABLE_DEBUG_INFO = NO;
				MTL_FAST_MATH = YES;
				SDKROOT = iphoneos;
				SWIFT_COMPILATION_MODE = wholemodule;
				VALIDATE_PRODUCT = YES;
			};
			name = Release;
		};
		26531C8B2C32A98A001B78C2 /* Debug */ = {
			isa = XCBuildConfiguration;
			buildSettings = {
				ASSETCATALOG_COMPILER_APPICON_NAME = AppIcon;
				ASSETCATALOG_COMPILER_GLOBAL_ACCENT_COLOR_NAME = AccentColor;
				CODE_SIGN_STYLE = Automatic;
				CURRENT_PROJECT_VERSION = 1;
				DEVELOPMENT_TEAM = D6YY79Y7VV;
				GENERATE_INFOPLIST_FILE = YES;
				INFOPLIST_FILE = FinancialEducation/Resources/Info.plist;
				INFOPLIST_KEY_UIApplicationSupportsIndirectInputEvents = YES;
				INFOPLIST_KEY_UILaunchStoryboardName = LaunchScreen;
				INFOPLIST_KEY_UISupportedInterfaceOrientations_iPad = "UIInterfaceOrientationPortrait UIInterfaceOrientationPortraitUpsideDown UIInterfaceOrientationLandscapeLeft UIInterfaceOrientationLandscapeRight";
				INFOPLIST_KEY_UISupportedInterfaceOrientations_iPhone = "UIInterfaceOrientationPortrait UIInterfaceOrientationLandscapeLeft UIInterfaceOrientationLandscapeRight";
				LD_RUNPATH_SEARCH_PATHS = (
					"$(inherited)",
					"@executable_path/Frameworks",
				);
				MARKETING_VERSION = 1.0;
				PRODUCT_BUNDLE_IDENTIFIER = com.buthusaim.FinancialEducation;
				PRODUCT_NAME = "$(TARGET_NAME)";
				SWIFT_EMIT_LOC_STRINGS = YES;
				SWIFT_VERSION = 5.0;
				TARGETED_DEVICE_FAMILY = "1,2";
			};
			name = Debug;
		};
		26531C8C2C32A98A001B78C2 /* Release */ = {
			isa = XCBuildConfiguration;
			buildSettings = {
				ASSETCATALOG_COMPILER_APPICON_NAME = AppIcon;
				ASSETCATALOG_COMPILER_GLOBAL_ACCENT_COLOR_NAME = AccentColor;
				CODE_SIGN_STYLE = Automatic;
				CURRENT_PROJECT_VERSION = 1;
				DEVELOPMENT_TEAM = D6YY79Y7VV;
				GENERATE_INFOPLIST_FILE = YES;
				INFOPLIST_FILE = FinancialEducation/Resources/Info.plist;
				INFOPLIST_KEY_UIApplicationSupportsIndirectInputEvents = YES;
				INFOPLIST_KEY_UILaunchStoryboardName = LaunchScreen;
				INFOPLIST_KEY_UISupportedInterfaceOrientations_iPad = "UIInterfaceOrientationPortrait UIInterfaceOrientationPortraitUpsideDown UIInterfaceOrientationLandscapeLeft UIInterfaceOrientationLandscapeRight";
				INFOPLIST_KEY_UISupportedInterfaceOrientations_iPhone = "UIInterfaceOrientationPortrait UIInterfaceOrientationLandscapeLeft UIInterfaceOrientationLandscapeRight";
				LD_RUNPATH_SEARCH_PATHS = (
					"$(inherited)",
					"@executable_path/Frameworks",
				);
				MARKETING_VERSION = 1.0;
				PRODUCT_BUNDLE_IDENTIFIER = com.buthusaim.FinancialEducation;
				PRODUCT_NAME = "$(TARGET_NAME)";
				SWIFT_EMIT_LOC_STRINGS = YES;
				SWIFT_VERSION = 5.0;
				TARGETED_DEVICE_FAMILY = "1,2";
			};
			name = Release;
		};
/* End XCBuildConfiguration section */

/* Begin XCConfigurationList section */
		26531C712C32A987001B78C2 /* Build configuration list for PBXProject "FinancialEducation" */ = {
			isa = XCConfigurationList;
			buildConfigurations = (
				26531C882C32A98A001B78C2 /* Debug */,
				26531C892C32A98A001B78C2 /* Release */,
			);
			defaultConfigurationIsVisible = 0;
			defaultConfigurationName = Release;
		};
		26531C8A2C32A98A001B78C2 /* Build configuration list for PBXNativeTarget "FinancialEducation" */ = {
			isa = XCConfigurationList;
			buildConfigurations = (
				26531C8B2C32A98A001B78C2 /* Debug */,
				26531C8C2C32A98A001B78C2 /* Release */,
			);
			defaultConfigurationIsVisible = 0;
			defaultConfigurationName = Release;
		};
/* End XCConfigurationList section */

/* Begin XCRemoteSwiftPackageReference section */
		26FCDB512C35935200F98571 /* XCRemoteSwiftPackageReference "SnapKit" */ = {
			isa = XCRemoteSwiftPackageReference;
			repositoryURL = "https://github.com/SnapKit/SnapKit.git";
			requirement = {
				kind = upToNextMinorVersion;
				minimumVersion = 5.7.1;
			};
		};
/* End XCRemoteSwiftPackageReference section */

/* Begin XCSwiftPackageProductDependency section */
		26FCDB522C35935200F98571 /* SnapKit */ = {
			isa = XCSwiftPackageProductDependency;
			package = 26FCDB512C35935200F98571 /* XCRemoteSwiftPackageReference "SnapKit" */;
			productName = SnapKit;
		};
/* End XCSwiftPackageProductDependency section */
	};
	rootObject = 26531C6E2C32A987001B78C2 /* Project object */;
}
